
Microsoft Visual Studio Solution File, Format Version 12.00
# Visual Studio 11
Project("{8BC9CEB8-8B4A-11D0-8D11-00A0C91BC942}") = "InjectTouch", "InjectTouch\InjectTouch.vcxproj", "{EE8BE22C-8550-7F9D-157C-83A3F7A4751E}"
EndProject
Project("{FAE04EC0-301F-11D3-BF4B-00C04F79EFBC}") = "InjectTouch.Wpf", "InjectTouch.Wpf\InjectTouch.Wpf.csproj", "{A13020DC-A03F-4669-9FAD-F869C421DFD9}"
EndProject
Project("{FAE04EC0-301F-11D3-BF4B-00C04F79EFBC}") = "Microsoft.Kinect.Samples.CursorControl", "CursorControl\Microsoft.Kinect.Samples.CursorControl.csproj", "{54213BF0-3FC7-4CB7-B4F0-21AFDAAC9AE0}"
EndProject
Project("{FAE04EC0-301F-11D3-BF4B-00C04F79EFBC}") = "Microsoft.Samples.Kinect.WpfViewers", "Dependencies\KinectWpfViewers\Microsoft.Samples.Kinect.WpfViewers.csproj", "{4DE23893-27E7-423F-9BB6-BA21DAC2C45E}"
EndProject
Project("{FAE04EC0-301F-11D3-BF4B-00C04F79EFBC}") = "InjectTouch.CSharp", "InjectTouch.CSharp\InjectTouch.CSharp.csproj", "{063CE645-278D-4D02-BDE0-675F42E83D71}"
	ProjectSection(ProjectDependencies) = postProject
		{EE8BE22C-8550-7F9D-157C-83A3F7A4751E} = {EE8BE22C-8550-7F9D-157C-83A3F7A4751E}
	EndProjectSection
EndProject
Project("{FAE04EC0-301F-11D3-BF4B-00C04F79EFBC}") = "InjectTouch.Metro", "InjectTouch.Metro\InjectTouch.Metro.csproj", "{FBB7C221-8032-4BBC-BB14-29F86D78C29A}"
EndProject
Project("{2150E333-8FDC-42A3-9474-1A3956D46DE8}") = "Kinect", "Kinect", "{1C672AD4-6ACE-41F5-BE00-D5C0DF1FD087}"
EndProject
Project("{2150E333-8FDC-42A3-9474-1A3956D46DE8}") = "Touch", "Touch", "{E6AF9B8B-E424-41D3-8455-C8F46582C570}"
EndProject
Project("{2150E333-8FDC-42A3-9474-1A3956D46DE8}") = "Test", "Test", "{FAB8B5A9-4210-4CD2-8F2B-9FB5E9C20627}"
EndProject
Global
	GlobalSection(SolutionConfigurationPlatforms) = preSolution
		Debug|ARM = Debug|ARM
		Debug|Any CPU = Debug|Any CPU
		Debug|Mixed Platforms = Debug|Mixed Platforms
		Debug|Win32 = Debug|Win32
		Debug|x64 = Debug|x64
		Debug|x86 = Debug|x86
		Release|ARM = Release|ARM
		Release|Any CPU = Release|Any CPU
		Release|Mixed Platforms = Release|Mixed Platforms
		Release|Win32 = Release|Win32
		Release|x64 = Release|x64
		Release|x86 = Release|x86
	EndGlobalSection
	GlobalSection(ProjectConfigurationPlatforms) = postSolution
		{063CE645-278D-4D02-BDE0-675F42E83D71}.Debug|ARM.ActiveCfg = Debug|Any CPU
		{063CE645-278D-4D02-BDE0-675F42E83D71}.Debug|Any CPU.ActiveCfg = Debug|Any CPU
		{063CE645-278D-4D02-BDE0-675F42E83D71}.Debug|Any CPU.Build.0 = Debug|Any CPU
		{063CE645-278D-4D02-BDE0-675F42E83D71}.Debug|Mixed Platforms.ActiveCfg = Debug|Any CPU
		{063CE645-278D-4D02-BDE0-675F42E83D71}.Debug|Mixed Platforms.Build.0 = Debug|Any CPU
		{063CE645-278D-4D02-BDE0-675F42E83D71}.Debug|Win32.ActiveCfg = Debug|Any CPU
		{063CE645-278D-4D02-BDE0-675F42E83D71}.Debug|x64.ActiveCfg = Debug|Any CPU
		{063CE645-278D-4D02-BDE0-675F42E83D71}.Debug|x86.ActiveCfg = Debug|Any CPU
		{063CE645-278D-4D02-BDE0-675F42E83D71}.Release|ARM.ActiveCfg = Release|Any CPU
		{063CE645-278D-4D02-BDE0-675F42E83D71}.Release|Any CPU.ActiveCfg = Release|Any CPU
		{063CE645-278D-4D02-BDE0-675F42E83D71}.Release|Any CPU.Build.0 = Release|Any CPU
		{063CE645-278D-4D02-BDE0-675F42E83D71}.Release|Mixed Platforms.ActiveCfg = Release|Any CPU
		{063CE645-278D-4D02-BDE0-675F42E83D71}.Release|Mixed Platforms.Build.0 = Release|Any CPU
		{063CE645-278D-4D02-BDE0-675F42E83D71}.Release|Win32.ActiveCfg = Release|Any CPU
		{063CE645-278D-4D02-BDE0-675F42E83D71}.Release|x64.ActiveCfg = Release|Any CPU
		{063CE645-278D-4D02-BDE0-675F42E83D71}.Release|x86.ActiveCfg = Release|Any CPU
		{4DE23893-27E7-423F-9BB6-BA21DAC2C45E}.Debug|ARM.ActiveCfg = Debug|Any CPU
		{4DE23893-27E7-423F-9BB6-BA21DAC2C45E}.Debug|Any CPU.ActiveCfg = Debug|Any CPU
		{4DE23893-27E7-423F-9BB6-BA21DAC2C45E}.Debug|Any CPU.Build.0 = Debug|Any CPU
		{4DE23893-27E7-423F-9BB6-BA21DAC2C45E}.Debug|Mixed Platforms.ActiveCfg = Debug|Any CPU
		{4DE23893-27E7-423F-9BB6-BA21DAC2C45E}.Debug|Mixed Platforms.Build.0 = Debug|Any CPU
		{4DE23893-27E7-423F-9BB6-BA21DAC2C45E}.Debug|Win32.ActiveCfg = Debug|Any CPU
		{4DE23893-27E7-423F-9BB6-BA21DAC2C45E}.Debug|x64.ActiveCfg = Debug|Any CPU
		{4DE23893-27E7-423F-9BB6-BA21DAC2C45E}.Debug|x86.ActiveCfg = Debug|Any CPU
		{4DE23893-27E7-423F-9BB6-BA21DAC2C45E}.Release|ARM.ActiveCfg = Release|Any CPU
		{4DE23893-27E7-423F-9BB6-BA21DAC2C45E}.Release|Any CPU.ActiveCfg = Release|Any CPU
		{4DE23893-27E7-423F-9BB6-BA21DAC2C45E}.Release|Any CPU.Build.0 = Release|Any CPU
		{4DE23893-27E7-423F-9BB6-BA21DAC2C45E}.Release|Mixed Platforms.ActiveCfg = Release|Any CPU
		{4DE23893-27E7-423F-9BB6-BA21DAC2C45E}.Release|Mixed Platforms.Build.0 = Release|Any CPU
		{4DE23893-27E7-423F-9BB6-BA21DAC2C45E}.Release|Win32.ActiveCfg = Release|Any CPU
		{4DE23893-27E7-423F-9BB6-BA21DAC2C45E}.Release|x64.ActiveCfg = Release|Any CPU
		{4DE23893-27E7-423F-9BB6-BA21DAC2C45E}.Release|x86.ActiveCfg = Release|Any CPU
		{54213BF0-3FC7-4CB7-B4F0-21AFDAAC9AE0}.Debug|ARM.ActiveCfg = Debug|x86
		{54213BF0-3FC7-4CB7-B4F0-21AFDAAC9AE0}.Debug|Any CPU.ActiveCfg = Debug|x86
		{54213BF0-3FC7-4CB7-B4F0-21AFDAAC9AE0}.Debug|Mixed Platforms.ActiveCfg = Debug|x86
		{54213BF0-3FC7-4CB7-B4F0-21AFDAAC9AE0}.Debug|Mixed Platforms.Build.0 = Debug|x86
		{54213BF0-3FC7-4CB7-B4F0-21AFDAAC9AE0}.Debug|Win32.ActiveCfg = Debug|x86
		{54213BF0-3FC7-4CB7-B4F0-21AFDAAC9AE0}.Debug|Win32.Build.0 = Debug|x86
		{54213BF0-3FC7-4CB7-B4F0-21AFDAAC9AE0}.Debug|x64.ActiveCfg = Debug|x86
		{54213BF0-3FC7-4CB7-B4F0-21AFDAAC9AE0}.Debug|x86.ActiveCfg = Debug|x86
		{54213BF0-3FC7-4CB7-B4F0-21AFDAAC9AE0}.Debug|x86.Build.0 = Debug|x86
		{54213BF0-3FC7-4CB7-B4F0-21AFDAAC9AE0}.Release|ARM.ActiveCfg = Release|x86
		{54213BF0-3FC7-4CB7-B4F0-21AFDAAC9AE0}.Release|Any CPU.ActiveCfg = Release|x86
		{54213BF0-3FC7-4CB7-B4F0-21AFDAAC9AE0}.Release|Mixed Platforms.ActiveCfg = Release|x86
		{54213BF0-3FC7-4CB7-B4F0-21AFDAAC9AE0}.Release|Mixed Platforms.Build.0 = Release|x86
		{54213BF0-3FC7-4CB7-B4F0-21AFDAAC9AE0}.Release|Win32.ActiveCfg = Release|x86
		{54213BF0-3FC7-4CB7-B4F0-21AFDAAC9AE0}.Release|Win32.Build.0 = Release|x86
		{54213BF0-3FC7-4CB7-B4F0-21AFDAAC9AE0}.Release|x64.ActiveCfg = Release|x86
		{54213BF0-3FC7-4CB7-B4F0-21AFDAAC9AE0}.Release|x86.ActiveCfg = Release|x86
		{54213BF0-3FC7-4CB7-B4F0-21AFDAAC9AE0}.Release|x86.Build.0 = Release|x86
		{A13020DC-A03F-4669-9FAD-F869C421DFD9}.Debug|ARM.ActiveCfg = Debug|Any CPU
		{A13020DC-A03F-4669-9FAD-F869C421DFD9}.Debug|Any CPU.ActiveCfg = Debug|Any CPU
		{A13020DC-A03F-4669-9FAD-F869C421DFD9}.Debug|Any CPU.Build.0 = Debug|Any CPU
		{A13020DC-A03F-4669-9FAD-F869C421DFD9}.Debug|Mixed Platforms.ActiveCfg = Debug|Any CPU
		{A13020DC-A03F-4669-9FAD-F869C421DFD9}.Debug|Mixed Platforms.Build.0 = Debug|Any CPU
		{A13020DC-A03F-4669-9FAD-F869C421DFD9}.Debug|Win32.ActiveCfg = Debug|Any CPU
		{A13020DC-A03F-4669-9FAD-F869C421DFD9}.Debug|x64.ActiveCfg = Debug|Any CPU
		{A13020DC-A03F-4669-9FAD-F869C421DFD9}.Debug|x86.ActiveCfg = Debug|Any CPU
		{A13020DC-A03F-4669-9FAD-F869C421DFD9}.Release|ARM.ActiveCfg = Release|Any CPU
		{A13020DC-A03F-4669-9FAD-F869C421DFD9}.Release|Any CPU.ActiveCfg = Release|Any CPU
		{A13020DC-A03F-4669-9FAD-F869C421DFD9}.Release|Any CPU.Build.0 = Release|Any CPU
		{A13020DC-A03F-4669-9FAD-F869C421DFD9}.Release|Mixed Platforms.ActiveCfg = Release|Any CPU
		{A13020DC-A03F-4669-9FAD-F869C421DFD9}.Release|Mixed Platforms.Build.0 = Release|Any CPU
		{A13020DC-A03F-4669-9FAD-F869C421DFD9}.Release|Win32.ActiveCfg = Release|Any CPU
		{A13020DC-A03F-4669-9FAD-F869C421DFD9}.Release|x64.ActiveCfg = Release|Any CPU
		{A13020DC-A03F-4669-9FAD-F869C421DFD9}.Release|x86.ActiveCfg = Release|Any CPU
		{EE8BE22C-8550-7F9D-157C-83A3F7A4751E}.Debug|ARM.ActiveCfg = Debug|Win32
		{EE8BE22C-8550-7F9D-157C-83A3F7A4751E}.Debug|Any CPU.ActiveCfg = Debug|Win32
		{EE8BE22C-8550-7F9D-157C-83A3F7A4751E}.Debug|Mixed Platforms.ActiveCfg = Debug|Win32
		{EE8BE22C-8550-7F9D-157C-83A3F7A4751E}.Debug|Mixed Platforms.Build.0 = Debug|Win32
		{EE8BE22C-8550-7F9D-157C-83A3F7A4751E}.Debug|Win32.ActiveCfg = Debug|Win32
		{EE8BE22C-8550-7F9D-157C-83A3F7A4751E}.Debug|Win32.Build.0 = Debug|Win32
		{EE8BE22C-8550-7F9D-157C-83A3F7A4751E}.Debug|x64.ActiveCfg = Debug|x64
		{EE8BE22C-8550-7F9D-157C-83A3F7A4751E}.Debug|x64.Build.0 = Debug|x64
		{EE8BE22C-8550-7F9D-157C-83A3F7A4751E}.Debug|x86.ActiveCfg = Debug|Win32
		{EE8BE22C-8550-7F9D-157C-83A3F7A4751E}.Debug|x86.Build.0 = Debug|Win32
		{EE8BE22C-8550-7F9D-157C-83A3F7A4751E}.Release|ARM.ActiveCfg = Release|Win32
		{EE8BE22C-8550-7F9D-157C-83A3F7A4751E}.Release|Any CPU.ActiveCfg = Release|Win32
		{EE8BE22C-8550-7F9D-157C-83A3F7A4751E}.Release|Mixed Platforms.ActiveCfg = Release|Win32
		{EE8BE22C-8550-7F9D-157C-83A3F7A4751E}.Release|Mixed Platforms.Build.0 = Release|Win32
		{EE8BE22C-8550-7F9D-157C-83A3F7A4751E}.Release|Win32.ActiveCfg = Release|Win32
		{EE8BE22C-8550-7F9D-157C-83A3F7A4751E}.Release|Win32.Build.0 = Release|Win32
		{EE8BE22C-8550-7F9D-157C-83A3F7A4751E}.Release|x64.ActiveCfg = Release|x64
		{EE8BE22C-8550-7F9D-157C-83A3F7A4751E}.Release|x64.Build.0 = Release|x64
		{EE8BE22C-8550-7F9D-157C-83A3F7A4751E}.Release|x86.ActiveCfg = Release|Win32
		{EE8BE22C-8550-7F9D-157C-83A3F7A4751E}.Release|x86.Build.0 = Release|Win32
		{FBB7C221-8032-4BBC-BB14-29F86D78C29A}.Debug|ARM.ActiveCfg = Debug|ARM
		{FBB7C221-8032-4BBC-BB14-29F86D78C29A}.Debug|ARM.Build.0 = Debug|ARM
		{FBB7C221-8032-4BBC-BB14-29F86D78C29A}.Debug|ARM.Deploy.0 = Debug|ARM
		{FBB7C221-8032-4BBC-BB14-29F86D78C29A}.Debug|Any CPU.ActiveCfg = Debug|Any CPU
		{FBB7C221-8032-4BBC-BB14-29F86D78C29A}.Debug|Any CPU.Build.0 = Debug|Any CPU
		{FBB7C221-8032-4BBC-BB14-29F86D78C29A}.Debug|Any CPU.Deploy.0 = Debug|Any CPU
		{FBB7C221-8032-4BBC-BB14-29F86D78C29A}.Debug|Mixed Platforms.ActiveCfg = Debug|x86
		{FBB7C221-8032-4BBC-BB14-29F86D78C29A}.Debug|Mixed Platforms.Build.0 = Debug|x86
		{FBB7C221-8032-4BBC-BB14-29F86D78C29A}.Debug|Mixed Platforms.Deploy.0 = Debug|x86
		{FBB7C221-8032-4BBC-BB14-29F86D78C29A}.Debug|Win32.ActiveCfg = Debug|x86
		{FBB7C221-8032-4BBC-BB14-29F86D78C29A}.Debug|Win32.Build.0 = Debug|x86
		{FBB7C221-8032-4BBC-BB14-29F86D78C29A}.Debug|Win32.Deploy.0 = Debug|x86
		{FBB7C221-8032-4BBC-BB14-29F86D78C29A}.Debug|x64.ActiveCfg = Debug|x64
		{FBB7C221-8032-4BBC-BB14-29F86D78C29A}.Debug|x64.Build.0 = Debug|x64
		{FBB7C221-8032-4BBC-BB14-29F86D78C29A}.Debug|x64.Deploy.0 = Debug|x64
		{FBB7C221-8032-4BBC-BB14-29F86D78C29A}.Debug|x86.ActiveCfg = Debug|x86
		{FBB7C221-8032-4BBC-BB14-29F86D78C29A}.Debug|x86.Build.0 = Debug|x86
		{FBB7C221-8032-4BBC-BB14-29F86D78C29A}.Debug|x86.Deploy.0 = Debug|x86
		{FBB7C221-8032-4BBC-BB14-29F86D78C29A}.Release|ARM.ActiveCfg = Release|ARM
		{FBB7C221-8032-4BBC-BB14-29F86D78C29A}.Release|ARM.Build.0 = Release|ARM
		{FBB7C221-8032-4BBC-BB14-29F86D78C29A}.Release|ARM.Deploy.0 = Release|ARM
		{FBB7C221-8032-4BBC-BB14-29F86D78C29A}.Release|Any CPU.ActiveCfg = Release|Any CPU
		{FBB7C221-8032-4BBC-BB14-29F86D78C29A}.Release|Any CPU.Build.0 = Release|Any CPU
		{FBB7C221-8032-4BBC-BB14-29F86D78C29A}.Release|Any CPU.Deploy.0 = Release|Any CPU
		{FBB7C221-8032-4BBC-BB14-29F86D78C29A}.Release|Mixed Platforms.ActiveCfg = Release|x86
		{FBB7C221-8032-4BBC-BB14-29F86D78C29A}.Release|Mixed Platforms.Build.0 = Release|x86
		{FBB7C221-8032-4BBC-BB14-29F86D78C29A}.Release|Mixed Platforms.Deploy.0 = Release|x86
		{FBB7C221-8032-4BBC-BB14-29F86D78C29A}.Release|Win32.ActiveCfg = Release|x86
		{FBB7C221-8032-4BBC-BB14-29F86D78C29A}.Release|Win32.Build.0 = Release|x86
		{FBB7C221-8032-4BBC-BB14-29F86D78C29A}.Release|Win32.Deploy.0 = Release|x86
		{FBB7C221-8032-4BBC-BB14-29F86D78C29A}.Release|x64.ActiveCfg = Release|x64
		{FBB7C221-8032-4BBC-BB14-29F86D78C29A}.Release|x64.Build.0 = Release|x64
		{FBB7C221-8032-4BBC-BB14-29F86D78C29A}.Release|x64.Deploy.0 = Release|x64
		{FBB7C221-8032-4BBC-BB14-29F86D78C29A}.Release|x86.ActiveCfg = Release|x86
		{FBB7C221-8032-4BBC-BB14-29F86D78C29A}.Release|x86.Build.0 = Release|x86
		{FBB7C221-8032-4BBC-BB14-29F86D78C29A}.Release|x86.Deploy.0 = Release|x86
	EndGlobalSection
	GlobalSection(SolutionProperties) = preSolution
		HideSolutionNode = FALSE
	EndGlobalSection
	GlobalSection(NestedProjects) = preSolution
		{063CE645-278D-4D02-BDE0-675F42E83D71} = {FAB8B5A9-4210-4CD2-8F2B-9FB5E9C20627}
		{4DE23893-27E7-423F-9BB6-BA21DAC2C45E} = {1C672AD4-6ACE-41F5-BE00-D5C0DF1FD087}
		{54213BF0-3FC7-4CB7-B4F0-21AFDAAC9AE0} = {1C672AD4-6ACE-41F5-BE00-D5C0DF1FD087}
		{A13020DC-A03F-4669-9FAD-F869C421DFD9} = {FAB8B5A9-4210-4CD2-8F2B-9FB5E9C20627}
		{EE8BE22C-8550-7F9D-157C-83A3F7A4751E} = {E6AF9B8B-E424-41D3-8455-C8F46582C570}
		{FAB8B5A9-4210-4CD2-8F2B-9FB5E9C20627} = {E6AF9B8B-E424-41D3-8455-C8F46582C570}
		{FBB7C221-8032-4BBC-BB14-29F86D78C29A} = {FAB8B5A9-4210-4CD2-8F2B-9FB5E9C20627}
	EndGlobalSection
EndGlobal
